
Microsoft Visual Studio Solution File, Format Version 12.00
# Visual Studio Version 16
VisualStudioVersion = 16.0.29123.88
MinimumVisualStudioVersion = 10.0.40219.1
Project("{8BC9CEB8-8B4A-11D0-8D11-00A0C91BC942}") = "Karthik_Narayan_HW6", "Karthik_Narayan_HW6.vcxproj", "{925DFA5F-EE18-4ABF-9875-6C259845AB8B}"
EndProject
Global
	GlobalSection(SolutionConfigurationPlatforms) = preSolution
		Debug|x64 = Debug|x64
		Debug|x86 = Debug|x86
		Release|x64 = Release|x64
		Release|x86 = Release|x86
	EndGlobalSection
	GlobalSection(ProjectConfigurationPlatforms) = postSolution
		{925DFA5F-EE18-4ABF-9875-6C259845AB8B}.Debug|x64.ActiveCfg = Debug|x64
		{925DFA5F-EE18-4ABF-9875-6C259845AB8B}.Debug|x64.Build.0 = Debug|x64
		{925DFA5F-EE18-4ABF-9875-6C259845AB8B}.Debug|x86.ActiveCfg = Debug|Win32
		{925DFA5F-EE18-4ABF-9875-6C259845AB8B}.Debug|x86.Build.0 = Debug|Win32
		{925DFA5F-EE18-4ABF-9875-6C259845AB8B}.Release|x64.ActiveCfg = Release|x64
		{925DFA5F-EE18-4ABF-9875-6C259845AB8B}.Release|x64.Build.0 = Release|x64
		{925DFA5F-EE18-4ABF-9875-6C259845AB8B}.Release|x86.ActiveCfg = Release|Win32
		{925DFA5F-EE18-4ABF-9875-6C259845AB8B}.Release|x86.Build.0 = Release|Win32
	EndGlobalSection
	GlobalSection(SolutionProperties) = preSolution
		HideSolutionNode = FALSE
	EndGlobalSection
	GlobalSection(ExtensibilityGlobals) = postSolution
		SolutionGuid = {B6F00D7B-CDD3-4537-93F0-AD3337AE45DC}
	EndGlobalSection
EndGlobal
